
Microsoft Visual Studio Solution File, Format Version 12.00
# Visual Studio Version 17
VisualStudioVersion = 17.12.35527.113
MinimumVisualStudioVersion = 10.0.40219.1
Project("{FAE04EC0-301F-11D3-BF4B-00C04F79EFBC}") = "TesteDDD.Domain", "src\Backend\TesteDDD.Domain\TesteDDD.Domain.csproj", "{D6231181-5EDE-4AE6-BB78-A97F2D5453A2}"
EndProject
Project("{2150E333-8FDC-42A3-9474-1A3956D46DE8}") = "src", "src", "{DA9F5E11-B4E2-44BD-B0AE-7F63118C83E4}"
EndProject
Project("{2150E333-8FDC-42A3-9474-1A3956D46DE8}") = "Backend", "Backend", "{196E6340-BE80-4DCB-B2B7-6BCE6C40C819}"
EndProject
Project("{2150E333-8FDC-42A3-9474-1A3956D46DE8}") = "Shared", "Shared", "{F3DBDE2B-A1A1-489D-A0D7-01C658627228}"
EndProject
Project("{FAE04EC0-301F-11D3-BF4B-00C04F79EFBC}") = "TesteDDD.Infrastructure", "src\Backend\TesteDDD.Infrastructure\TesteDDD.Infrastructure.csproj", "{D1599A73-D116-4F67-BB29-98DF78524DE0}"
EndProject
Project("{FAE04EC0-301F-11D3-BF4B-00C04F79EFBC}") = "TesteDDD.Application", "src\Backend\TesteDDD.Application\TesteDDD.Application.csproj", "{639B1514-968E-479A-83C3-6A95F8C9EDA9}"
EndProject
Project("{FAE04EC0-301F-11D3-BF4B-00C04F79EFBC}") = "TesteDDD.Api", "src\Backend\TesteDDD.Api\TesteDDD.Api.csproj", "{D33A1C3C-F6CB-4719-8C5D-7AB69CF37E7E}"
EndProject
Project("{FAE04EC0-301F-11D3-BF4B-00C04F79EFBC}") = "TesteDDD.Communication", "src\Shared\TesteDDD.Communication\TesteDDD.Communication.csproj", "{7CB20D58-C2D5-4556-B5EC-A55F739D9904}"
EndProject
Project("{FAE04EC0-301F-11D3-BF4B-00C04F79EFBC}") = "TesteDDD.Exceptions", "src\Shared\TesteDDD.Exceptions\TesteDDD.Exceptions.csproj", "{28B8DF81-2303-4F21-B425-F20F4A105193}"
EndProject
Project("{2150E333-8FDC-42A3-9474-1A3956D46DE8}") = "tests", "tests", "{0AB3BF05-4346-4AA6-1389-037BE0695223}"
EndProject
Project("{FAE04EC0-301F-11D3-BF4B-00C04F79EFBC}") = "TesteDDD.Api.IntegrationTests", "tests\TesteDDD.Api.IntegrationTests\TesteDDD.Api.IntegrationTests.csproj", "{818F1229-936B-404C-8CB6-088086779B20}"
EndProject
Project("{FAE04EC0-301F-11D3-BF4B-00C04F79EFBC}") = "TesteDDD.Application.Tests", "tests\TesteDDD.Application.Tests\TesteDDD.Application.Tests.csproj", "{39945152-3197-4FE2-89DE-AA0B1A3E7083}"
EndProject
Project("{2150E333-8FDC-42A3-9474-1A3956D46DE8}") = "Frontend", "Frontend", "{7D9248E5-2B76-1554-821C-76E419248623}"
EndProject
Project("{FAE04EC0-301F-11D3-BF4B-00C04F79EFBC}") = "TesteDDD.WinForms", "src\Frontend\TesteDDD.WinForms\TesteDDD.WinForms.csproj", "{713375D7-6C6F-4E1A-AE5A-F55D71BFED4D}"
EndProject
Global
	GlobalSection(SolutionConfigurationPlatforms) = preSolution
		Debug|Any CPU = Debug|Any CPU
		Debug|x64 = Debug|x64
		Debug|x86 = Debug|x86
		Release|Any CPU = Release|Any CPU
		Release|x64 = Release|x64
		Release|x86 = Release|x86
	EndGlobalSection
	GlobalSection(ProjectConfigurationPlatforms) = postSolution
		{D6231181-5EDE-4AE6-BB78-A97F2D5453A2}.Debug|Any CPU.ActiveCfg = Debug|Any CPU
		{D6231181-5EDE-4AE6-BB78-A97F2D5453A2}.Debug|Any CPU.Build.0 = Debug|Any CPU
		{D6231181-5EDE-4AE6-BB78-A97F2D5453A2}.Debug|x64.ActiveCfg = Debug|Any CPU
		{D6231181-5EDE-4AE6-BB78-A97F2D5453A2}.Debug|x64.Build.0 = Debug|Any CPU
		{D6231181-5EDE-4AE6-BB78-A97F2D5453A2}.Debug|x86.ActiveCfg = Debug|Any CPU
		{D6231181-5EDE-4AE6-BB78-A97F2D5453A2}.Debug|x86.Build.0 = Debug|Any CPU
		{D6231181-5EDE-4AE6-BB78-A97F2D5453A2}.Release|Any CPU.ActiveCfg = Release|Any CPU
		{D6231181-5EDE-4AE6-BB78-A97F2D5453A2}.Release|Any CPU.Build.0 = Release|Any CPU
		{D6231181-5EDE-4AE6-BB78-A97F2D5453A2}.Release|x64.ActiveCfg = Release|Any CPU
		{D6231181-5EDE-4AE6-BB78-A97F2D5453A2}.Release|x64.Build.0 = Release|Any CPU
		{D6231181-5EDE-4AE6-BB78-A97F2D5453A2}.Release|x86.ActiveCfg = Release|Any CPU
		{D6231181-5EDE-4AE6-BB78-A97F2D5453A2}.Release|x86.Build.0 = Release|Any CPU
		{D1599A73-D116-4F67-BB29-98DF78524DE0}.Debug|Any CPU.ActiveCfg = Debug|Any CPU
		{D1599A73-D116-4F67-BB29-98DF78524DE0}.Debug|Any CPU.Build.0 = Debug|Any CPU
		{D1599A73-D116-4F67-BB29-98DF78524DE0}.Debug|x64.ActiveCfg = Debug|Any CPU
		{D1599A73-D116-4F67-BB29-98DF78524DE0}.Debug|x64.Build.0 = Debug|Any CPU
		{D1599A73-D116-4F67-BB29-98DF78524DE0}.Debug|x86.ActiveCfg = Debug|Any CPU
		{D1599A73-D116-4F67-BB29-98DF78524DE0}.Debug|x86.Build.0 = Debug|Any CPU
		{D1599A73-D116-4F67-BB29-98DF78524DE0}.Release|Any CPU.ActiveCfg = Release|Any CPU
		{D1599A73-D116-4F67-BB29-98DF78524DE0}.Release|Any CPU.Build.0 = Release|Any CPU
		{D1599A73-D116-4F67-BB29-98DF78524DE0}.Release|x64.ActiveCfg = Release|Any CPU
		{D1599A73-D116-4F67-BB29-98DF78524DE0}.Release|x64.Build.0 = Release|Any CPU
		{D1599A73-D116-4F67-BB29-98DF78524DE0}.Release|x86.ActiveCfg = Release|Any CPU
		{D1599A73-D116-4F67-BB29-98DF78524DE0}.Release|x86.Build.0 = Release|Any CPU
		{639B1514-968E-479A-83C3-6A95F8C9EDA9}.Debug|Any CPU.ActiveCfg = Debug|Any CPU
		{639B1514-968E-479A-83C3-6A95F8C9EDA9}.Debug|Any CPU.Build.0 = Debug|Any CPU
		{639B1514-968E-479A-83C3-6A95F8C9EDA9}.Debug|x64.ActiveCfg = Debug|Any CPU
		{639B1514-968E-479A-83C3-6A95F8C9EDA9}.Debug|x64.Build.0 = Debug|Any CPU
		{639B1514-968E-479A-83C3-6A95F8C9EDA9}.Debug|x86.ActiveCfg = Debug|Any CPU
		{639B1514-968E-479A-83C3-6A95F8C9EDA9}.Debug|x86.Build.0 = Debug|Any CPU
		{639B1514-968E-479A-83C3-6A95F8C9EDA9}.Release|Any CPU.ActiveCfg = Release|Any CPU
		{639B1514-968E-479A-83C3-6A95F8C9EDA9}.Release|Any CPU.Build.0 = Release|Any CPU
		{639B1514-968E-479A-83C3-6A95F8C9EDA9}.Release|x64.ActiveCfg = Release|Any CPU
		{639B1514-968E-479A-83C3-6A95F8C9EDA9}.Release|x64.Build.0 = Release|Any CPU
		{639B1514-968E-479A-83C3-6A95F8C9EDA9}.Release|x86.ActiveCfg = Release|Any CPU
		{639B1514-968E-479A-83C3-6A95F8C9EDA9}.Release|x86.Build.0 = Release|Any CPU
		{D33A1C3C-F6CB-4719-8C5D-7AB69CF37E7E}.Debug|Any CPU.ActiveCfg = Debug|Any CPU
		{D33A1C3C-F6CB-4719-8C5D-7AB69CF37E7E}.Debug|Any CPU.Build.0 = Debug|Any CPU
		{D33A1C3C-F6CB-4719-8C5D-7AB69CF37E7E}.Debug|x64.ActiveCfg = Debug|Any CPU
		{D33A1C3C-F6CB-4719-8C5D-7AB69CF37E7E}.Debug|x64.Build.0 = Debug|Any CPU
		{D33A1C3C-F6CB-4719-8C5D-7AB69CF37E7E}.Debug|x86.ActiveCfg = Debug|Any CPU
		{D33A1C3C-F6CB-4719-8C5D-7AB69CF37E7E}.Debug|x86.Build.0 = Debug|Any CPU
		{D33A1C3C-F6CB-4719-8C5D-7AB69CF37E7E}.Release|Any CPU.ActiveCfg = Release|Any CPU
		{D33A1C3C-F6CB-4719-8C5D-7AB69CF37E7E}.Release|Any CPU.Build.0 = Release|Any CPU
		{D33A1C3C-F6CB-4719-8C5D-7AB69CF37E7E}.Release|x64.ActiveCfg = Release|Any CPU
		{D33A1C3C-F6CB-4719-8C5D-7AB69CF37E7E}.Release|x64.Build.0 = Release|Any CPU
		{D33A1C3C-F6CB-4719-8C5D-7AB69CF37E7E}.Release|x86.ActiveCfg = Release|Any CPU
		{D33A1C3C-F6CB-4719-8C5D-7AB69CF37E7E}.Release|x86.Build.0 = Release|Any CPU
		{7CB20D58-C2D5-4556-B5EC-A55F739D9904}.Debug|Any CPU.ActiveCfg = Debug|Any CPU
		{7CB20D58-C2D5-4556-B5EC-A55F739D9904}.Debug|Any CPU.Build.0 = Debug|Any CPU
		{7CB20D58-C2D5-4556-B5EC-A55F739D9904}.Debug|x64.ActiveCfg = Debug|Any CPU
		{7CB20D58-C2D5-4556-B5EC-A55F739D9904}.Debug|x64.Build.0 = Debug|Any CPU
		{7CB20D58-C2D5-4556-B5EC-A55F739D9904}.Debug|x86.ActiveCfg = Debug|Any CPU
		{7CB20D58-C2D5-4556-B5EC-A55F739D9904}.Debug|x86.Build.0 = Debug|Any CPU
		{7CB20D58-C2D5-4556-B5EC-A55F739D9904}.Release|Any CPU.ActiveCfg = Release|Any CPU
		{7CB20D58-C2D5-4556-B5EC-A55F739D9904}.Release|Any CPU.Build.0 = Release|Any CPU
		{7CB20D58-C2D5-4556-B5EC-A55F739D9904}.Release|x64.ActiveCfg = Release|Any CPU
		{7CB20D58-C2D5-4556-B5EC-A55F739D9904}.Release|x64.Build.0 = Release|Any CPU
		{7CB20D58-C2D5-4556-B5EC-A55F739D9904}.Release|x86.ActiveCfg = Release|Any CPU
		{7CB20D58-C2D5-4556-B5EC-A55F739D9904}.Release|x86.Build.0 = Release|Any CPU
		{28B8DF81-2303-4F21-B425-F20F4A105193}.Debug|Any CPU.ActiveCfg = Debug|Any CPU
		{28B8DF81-2303-4F21-B425-F20F4A105193}.Debug|Any CPU.Build.0 = Debug|Any CPU
		{28B8DF81-2303-4F21-B425-F20F4A105193}.Debug|x64.ActiveCfg = Debug|Any CPU
		{28B8DF81-2303-4F21-B425-F20F4A105193}.Debug|x64.Build.0 = Debug|Any CPU
		{28B8DF81-2303-4F21-B425-F20F4A105193}.Debug|x86.ActiveCfg = Debug|Any CPU
		{28B8DF81-2303-4F21-B425-F20F4A105193}.Debug|x86.Build.0 = Debug|Any CPU
		{28B8DF81-2303-4F21-B425-F20F4A105193}.Release|Any CPU.ActiveCfg = Release|Any CPU
		{28B8DF81-2303-4F21-B425-F20F4A105193}.Release|Any CPU.Build.0 = Release|Any CPU
		{28B8DF81-2303-4F21-B425-F20F4A105193}.Release|x64.ActiveCfg = Release|Any CPU
		{28B8DF81-2303-4F21-B425-F20F4A105193}.Release|x64.Build.0 = Release|Any CPU
		{28B8DF81-2303-4F21-B425-F20F4A105193}.Release|x86.ActiveCfg = Release|Any CPU
		{28B8DF81-2303-4F21-B425-F20F4A105193}.Release|x86.Build.0 = Release|Any CPU
		{818F1229-936B-404C-8CB6-088086779B20}.Debug|Any CPU.ActiveCfg = Debug|Any CPU
		{818F1229-936B-404C-8CB6-088086779B20}.Debug|Any CPU.Build.0 = Debug|Any CPU
		{818F1229-936B-404C-8CB6-088086779B20}.Debug|x64.ActiveCfg = Debug|Any CPU
		{818F1229-936B-404C-8CB6-088086779B20}.Debug|x64.Build.0 = Debug|Any CPU
		{818F1229-936B-404C-8CB6-088086779B20}.Debug|x86.ActiveCfg = Debug|Any CPU
		{818F1229-936B-404C-8CB6-088086779B20}.Debug|x86.Build.0 = Debug|Any CPU
		{818F1229-936B-404C-8CB6-088086779B20}.Release|Any CPU.ActiveCfg = Release|Any CPU
		{818F1229-936B-404C-8CB6-088086779B20}.Release|Any CPU.Build.0 = Release|Any CPU
		{818F1229-936B-404C-8CB6-088086779B20}.Release|x64.ActiveCfg = Release|Any CPU
		{818F1229-936B-404C-8CB6-088086779B20}.Release|x64.Build.0 = Release|Any CPU
		{818F1229-936B-404C-8CB6-088086779B20}.Release|x86.ActiveCfg = Release|Any CPU
		{818F1229-936B-404C-8CB6-088086779B20}.Release|x86.Build.0 = Release|Any CPU
		{39945152-3197-4FE2-89DE-AA0B1A3E7083}.Debug|Any CPU.ActiveCfg = Debug|Any CPU
		{39945152-3197-4FE2-89DE-AA0B1A3E7083}.Debug|Any CPU.Build.0 = Debug|Any CPU
		{39945152-3197-4FE2-89DE-AA0B1A3E7083}.Debug|x64.ActiveCfg = Debug|Any CPU
		{39945152-3197-4FE2-89DE-AA0B1A3E7083}.Debug|x64.Build.0 = Debug|Any CPU
		{39945152-3197-4FE2-89DE-AA0B1A3E7083}.Debug|x86.ActiveCfg = Debug|Any CPU
		{39945152-3197-4FE2-89DE-AA0B1A3E7083}.Debug|x86.Build.0 = Debug|Any CPU
		{39945152-3197-4FE2-89DE-AA0B1A3E7083}.Release|Any CPU.ActiveCfg = Release|Any CPU
		{39945152-3197-4FE2-89DE-AA0B1A3E7083}.Release|Any CPU.Build.0 = Release|Any CPU
		{39945152-3197-4FE2-89DE-AA0B1A3E7083}.Release|x64.ActiveCfg = Release|Any CPU
		{39945152-3197-4FE2-89DE-AA0B1A3E7083}.Release|x64.Build.0 = Release|Any CPU
		{39945152-3197-4FE2-89DE-AA0B1A3E7083}.Release|x86.ActiveCfg = Release|Any CPU
		{39945152-3197-4FE2-89DE-AA0B1A3E7083}.Release|x86.Build.0 = Release|Any CPU
		{713375D7-6C6F-4E1A-AE5A-F55D71BFED4D}.Debug|Any CPU.ActiveCfg = Debug|Any CPU
		{713375D7-6C6F-4E1A-AE5A-F55D71BFED4D}.Debug|Any CPU.Build.0 = Debug|Any CPU
		{713375D7-6C6F-4E1A-AE5A-F55D71BFED4D}.Debug|x64.ActiveCfg = Debug|Any CPU
		{713375D7-6C6F-4E1A-AE5A-F55D71BFED4D}.Debug|x64.Build.0 = Debug|Any CPU
		{713375D7-6C6F-4E1A-AE5A-F55D71BFED4D}.Debug|x86.ActiveCfg = Debug|Any CPU
		{713375D7-6C6F-4E1A-AE5A-F55D71BFED4D}.Debug|x86.Build.0 = Debug|Any CPU
		{713375D7-6C6F-4E1A-AE5A-F55D71BFED4D}.Release|Any CPU.ActiveCfg = Release|Any CPU
		{713375D7-6C6F-4E1A-AE5A-F55D71BFED4D}.Release|Any CPU.Build.0 = Release|Any CPU
		{713375D7-6C6F-4E1A-AE5A-F55D71BFED4D}.Release|x64.ActiveCfg = Release|Any CPU
		{713375D7-6C6F-4E1A-AE5A-F55D71BFED4D}.Release|x64.Build.0 = Release|Any CPU
		{713375D7-6C6F-4E1A-AE5A-F55D71BFED4D}.Release|x86.ActiveCfg = Release|Any CPU
		{713375D7-6C6F-4E1A-AE5A-F55D71BFED4D}.Release|x86.Build.0 = Release|Any CPU
	EndGlobalSection
	GlobalSection(SolutionProperties) = preSolution
		HideSolutionNode = FALSE
	EndGlobalSection
	GlobalSection(NestedProjects) = preSolution
		{D6231181-5EDE-4AE6-BB78-A97F2D5453A2} = {196E6340-BE80-4DCB-B2B7-6BCE6C40C819}
		{196E6340-BE80-4DCB-B2B7-6BCE6C40C819} = {DA9F5E11-B4E2-44BD-B0AE-7F63118C83E4}
		{F3DBDE2B-A1A1-489D-A0D7-01C658627228} = {DA9F5E11-B4E2-44BD-B0AE-7F63118C83E4}
		{D1599A73-D116-4F67-BB29-98DF78524DE0} = {196E6340-BE80-4DCB-B2B7-6BCE6C40C819}
		{639B1514-968E-479A-83C3-6A95F8C9EDA9} = {196E6340-BE80-4DCB-B2B7-6BCE6C40C819}
		{D33A1C3C-F6CB-4719-8C5D-7AB69CF37E7E} = {196E6340-BE80-4DCB-B2B7-6BCE6C40C819}
		{7CB20D58-C2D5-4556-B5EC-A55F739D9904} = {F3DBDE2B-A1A1-489D-A0D7-01C658627228}
		{28B8DF81-2303-4F21-B425-F20F4A105193} = {F3DBDE2B-A1A1-489D-A0D7-01C658627228}
		{818F1229-936B-404C-8CB6-088086779B20} = {0AB3BF05-4346-4AA6-1389-037BE0695223}
		{39945152-3197-4FE2-89DE-AA0B1A3E7083} = {0AB3BF05-4346-4AA6-1389-037BE0695223}
		{7D9248E5-2B76-1554-821C-76E419248623} = {DA9F5E11-B4E2-44BD-B0AE-7F63118C83E4}
		{713375D7-6C6F-4E1A-AE5A-F55D71BFED4D} = {7D9248E5-2B76-1554-821C-76E419248623}
	EndGlobalSection
EndGlobal
